
Microsoft Visual Studio Solution File, Format Version 12.00
# Visual Studio 15
VisualStudioVersion = 15.0.27428.2037
MinimumVisualStudioVersion = 10.0.40219.1
Project("{FAE04EC0-301F-11D3-BF4B-00C04F79EFBC}") = "Check Book", "Check Book\Check Book.csproj", "{2A5CB6B8-9567-4E3E-8554-E305B143D333}"
EndProject
Global
	GlobalSection(SolutionConfigurationPlatforms) = preSolution
		Debug|Any CPU = Debug|Any CPU
		Release|Any CPU = Release|Any CPU
	EndGlobalSection
	GlobalSection(ProjectConfigurationPlatforms) = postSolution
		{2A5CB6B8-9567-4E3E-8554-E305B143D333}.Debug|Any CPU.ActiveCfg = Debug|Any CPU
		{2A5CB6B8-9567-4E3E-8554-E305B143D333}.Debug|Any CPU.Build.0 = Debug|Any CPU
		{2A5CB6B8-9567-4E3E-8554-E305B143D333}.Debug|Any CPU.Deploy.0 = Debug|Any CPU
		{2A5CB6B8-9567-4E3E-8554-E305B143D333}.Release|Any CPU.ActiveCfg = Release|Any CPU
		{2A5CB6B8-9567-4E3E-8554-E305B143D333}.Release|Any CPU.Build.0 = Release|Any CPU
		{2A5CB6B8-9567-4E3E-8554-E305B143D333}.Release|Any CPU.Deploy.0 = Release|Any CPU
	EndGlobalSection
	GlobalSection(SolutionProperties) = preSolution
		HideSolutionNode = FALSE
	EndGlobalSection
	GlobalSection(ExtensibilityGlobals) = postSolution
		SolutionGuid = {95595C5C-1BFC-4DE9-8548-44ECA40E5367}
	EndGlobalSection
EndGlobal
